
Microsoft Visual Studio Solution File, Format Version 12.00
# Visual Studio Express 2013 for Web
VisualStudioVersion = 12.0.30110.0
MinimumVisualStudioVersion = 10.0.40219.1
Project("{FAE04EC0-301F-11D3-BF4B-00C04F79EFBC}") = "GretaKate.Web", "GretaKate.Web\GretaKate.Web.csproj", "{BC4D4348-AB44-40ED-BAB8-AC9A843DB5A2}"
EndProject
Project("{FAE04EC0-301F-11D3-BF4B-00C04F79EFBC}") = "GretaKate.Services", "GretaKate.Services\GretaKate.Services.csproj", "{9732D6AF-E2AA-481E-BEC7-073CD0D061ED}"
EndProject
Project("{FAE04EC0-301F-11D3-BF4B-00C04F79EFBC}") = "GretaKate.Core", "GretaKate.Core\GretaKate.Core.csproj", "{50471B53-F7A7-4015-805B-0A1B24DD00CE}"
EndProject
Global
	GlobalSection(SolutionConfigurationPlatforms) = preSolution
		Debug|Any CPU = Debug|Any CPU
		Release|Any CPU = Release|Any CPU
	EndGlobalSection
	GlobalSection(ProjectConfigurationPlatforms) = postSolution
		{BC4D4348-AB44-40ED-BAB8-AC9A843DB5A2}.Debug|Any CPU.ActiveCfg = Debug|Any CPU
		{BC4D4348-AB44-40ED-BAB8-AC9A843DB5A2}.Debug|Any CPU.Build.0 = Debug|Any CPU
		{BC4D4348-AB44-40ED-BAB8-AC9A843DB5A2}.Release|Any CPU.ActiveCfg = Release|Any CPU
		{BC4D4348-AB44-40ED-BAB8-AC9A843DB5A2}.Release|Any CPU.Build.0 = Release|Any CPU
		{9732D6AF-E2AA-481E-BEC7-073CD0D061ED}.Debug|Any CPU.ActiveCfg = Debug|Any CPU
		{9732D6AF-E2AA-481E-BEC7-073CD0D061ED}.Debug|Any CPU.Build.0 = Debug|Any CPU
		{9732D6AF-E2AA-481E-BEC7-073CD0D061ED}.Release|Any CPU.ActiveCfg = Release|Any CPU
		{9732D6AF-E2AA-481E-BEC7-073CD0D061ED}.Release|Any CPU.Build.0 = Release|Any CPU
		{50471B53-F7A7-4015-805B-0A1B24DD00CE}.Debug|Any CPU.ActiveCfg = Debug|Any CPU
		{50471B53-F7A7-4015-805B-0A1B24DD00CE}.Debug|Any CPU.Build.0 = Debug|Any CPU
		{50471B53-F7A7-4015-805B-0A1B24DD00CE}.Release|Any CPU.ActiveCfg = Release|Any CPU
		{50471B53-F7A7-4015-805B-0A1B24DD00CE}.Release|Any CPU.Build.0 = Release|Any CPU
	EndGlobalSection
	GlobalSection(SolutionProperties) = preSolution
		HideSolutionNode = FALSE
	EndGlobalSection
EndGlobal
